{
	"name": "vanilla-react-concurrency-ssr",
	"version": "1.0.0",
	"lockfileVersion": 1,
	"requires": true,
	"dependencies": {
		"react": {
			"version": "0.0.0-experimental-e5d06e34b",
			"resolved": "https://registry.npmjs.org/react/-/react-0.0.0-experimental-e5d06e34b.tgz",
			"integrity": "sha512-2WUOtH5VE3cSyg22XxavfDoMQDIc51Pyudr/mrU1I1GcWIDKVg7QA/1dh5DlKyIvyWlM44pkwqz7V7gYHFzf2A==",
			"requires": {
				"loose-envify": "^1.1.0",
				"object-assign": "^4.1.1"
			},
			"dependencies": {
				"js-tokens": {
					"version": "4.0.0",
					"resolved": "https://registry.npmjs.org/js-tokens/-/js-tokens-4.0.0.tgz",
					"integrity": "sha512-RdJUflcE3cUzKiMqQgsCu06FPu9UdIJO0beYbPhHN4k6apgJtifcoCtT9bcxOpYBtpD2kCM6Sbzg4CausW/PKQ=="
				},
				"loose-envify": {
					"version": "1.4.0",
					"resolved": "https://registry.npmjs.org/loose-envify/-/loose-envify-1.4.0.tgz",
					"integrity": "sha512-lyuxPGr/Wfhrlem2CL/UcnUc1zcqKAImBDzukY7Y5F/yQiNdko6+fRLevlw1HgMySw7f611UIY408EtxRSoK3Q==",
					"requires": {
						"js-tokens": "^3.0.0 || ^4.0.0"
					}
				},
				"object-assign": {
					"version": "4.1.1",
					"resolved": "https://registry.npmjs.org/object-assign/-/object-assign-4.1.1.tgz",
					"integrity": "sha1-IQmtx5ZYh8/AXLvUQsrIv7s2CGM="
				}
			}
		},
		"react-dom": {
			"version": "0.0.0-experimental-e5d06e34b",
			"resolved": "https://registry.npmjs.org/react-dom/-/react-dom-0.0.0-experimental-e5d06e34b.tgz",
			"integrity": "sha512-E2jMRRCHs69jfI5YMnUEFEdWLv1FthDE52xDP67luRVGBU+Hc2xq06Eu+ukiHgCevgwAqBM4Q9HeYbQrcBvFdg==",
			"requires": {
				"loose-envify": "^1.1.0",
				"object-assign": "^4.1.1",
				"scheduler": "0.0.0-experimental-e5d06e34b"
			},
			"dependencies": {
				"js-tokens": {
					"version": "4.0.0",
					"resolved": "https://registry.npmjs.org/js-tokens/-/js-tokens-4.0.0.tgz",
					"integrity": "sha512-RdJUflcE3cUzKiMqQgsCu06FPu9UdIJO0beYbPhHN4k6apgJtifcoCtT9bcxOpYBtpD2kCM6Sbzg4CausW/PKQ=="
				},
				"loose-envify": {
					"version": "1.4.0",
					"resolved": "https://registry.npmjs.org/loose-envify/-/loose-envify-1.4.0.tgz",
					"integrity": "sha512-lyuxPGr/Wfhrlem2CL/UcnUc1zcqKAImBDzukY7Y5F/yQiNdko6+fRLevlw1HgMySw7f611UIY408EtxRSoK3Q==",
					"requires": {
						"js-tokens": "^3.0.0 || ^4.0.0"
					}
				},
				"object-assign": {
					"version": "4.1.1",
					"resolved": "https://registry.npmjs.org/object-assign/-/object-assign-4.1.1.tgz",
					"integrity": "sha1-IQmtx5ZYh8/AXLvUQsrIv7s2CGM="
				},
				"scheduler": {
					"version": "0.0.0-experimental-e5d06e34b",
					"resolved": "https://registry.npmjs.org/scheduler/-/scheduler-0.0.0-experimental-e5d06e34b.tgz",
					"integrity": "sha512-S4uANOeUKNI32GLMS28KvY7BHmtJL9Am3EsUB3WTr6Of5RNz1lEH0Qutc+j90GcgYM67l1qPOiO9sVLTdnTkxw==",
					"requires": {
						"loose-envify": "^1.1.0",
						"object-assign": "^4.1.1"
					}
				}
			}
		}
	}
}
